
Microsoft Visual Studio Solution File, Format Version 12.00
# Visual Studio 15
VisualStudioVersion = 15.0.28010.2026
MinimumVisualStudioVersion = 10.0.40219.1
Project("{FAE04EC0-301F-11D3-BF4B-00C04F79EFBC}") = "BooksStore.Android", "BooksStore\BooksStore.Android\BooksStore.Android.csproj", "{BA87A581-D02F-4B61-894A-16A0FDB1F5BF}"
EndProject
Project("{FAE04EC0-301F-11D3-BF4B-00C04F79EFBC}") = "BooksStore.iOS", "BooksStore\BooksStore.iOS\BooksStore.iOS.csproj", "{0F1C760F-1B80-4936-B57C-380ECAE866C5}"
EndProject
Project("{FAE04EC0-301F-11D3-BF4B-00C04F79EFBC}") = "BooksStore.UWP", "BooksStore\BooksStore.UWP\BooksStore.UWP.csproj", "{458AA8F4-E7FA-46E8-AB9C-FCC2E7A239BD}"
EndProject
Project("{FAE04EC0-301F-11D3-BF4B-00C04F79EFBC}") = "BooksStore.MobileAppService", "BooksStore\BooksStore.MobileAppService\BooksStore.MobileAppService.csproj", "{BBEB7477-A01D-4056-A6C7-B04175A6DD46}"
EndProject
Project("{FAE04EC0-301F-11D3-BF4B-00C04F79EFBC}") = "BooksStore", "BooksStore\BooksStore\BooksStore.csproj", "{3B369EA2-34F4-4778-9BE2-55E90336A04C}"
EndProject
Global
	GlobalSection(SolutionConfigurationPlatforms) = preSolution
		Debug|Any CPU = Debug|Any CPU
		Debug|ARM = Debug|ARM
		Debug|iPhone = Debug|iPhone
		Debug|iPhoneSimulator = Debug|iPhoneSimulator
		Debug|x64 = Debug|x64
		Debug|x86 = Debug|x86
		Release|Any CPU = Release|Any CPU
		Release|ARM = Release|ARM
		Release|iPhone = Release|iPhone
		Release|iPhoneSimulator = Release|iPhoneSimulator
		Release|x64 = Release|x64
		Release|x86 = Release|x86
	EndGlobalSection
	GlobalSection(ProjectConfigurationPlatforms) = postSolution
		{BA87A581-D02F-4B61-894A-16A0FDB1F5BF}.Debug|Any CPU.ActiveCfg = Debug|Any CPU
		{BA87A581-D02F-4B61-894A-16A0FDB1F5BF}.Debug|Any CPU.Build.0 = Debug|Any CPU
		{BA87A581-D02F-4B61-894A-16A0FDB1F5BF}.Debug|Any CPU.Deploy.0 = Debug|Any CPU
		{BA87A581-D02F-4B61-894A-16A0FDB1F5BF}.Debug|ARM.ActiveCfg = Debug|Any CPU
		{BA87A581-D02F-4B61-894A-16A0FDB1F5BF}.Debug|ARM.Build.0 = Debug|Any CPU
		{BA87A581-D02F-4B61-894A-16A0FDB1F5BF}.Debug|ARM.Deploy.0 = Debug|Any CPU
		{BA87A581-D02F-4B61-894A-16A0FDB1F5BF}.Debug|iPhone.ActiveCfg = Debug|Any CPU
		{BA87A581-D02F-4B61-894A-16A0FDB1F5BF}.Debug|iPhone.Build.0 = Debug|Any CPU
		{BA87A581-D02F-4B61-894A-16A0FDB1F5BF}.Debug|iPhone.Deploy.0 = Debug|Any CPU
		{BA87A581-D02F-4B61-894A-16A0FDB1F5BF}.Debug|iPhoneSimulator.ActiveCfg = Debug|Any CPU
		{BA87A581-D02F-4B61-894A-16A0FDB1F5BF}.Debug|iPhoneSimulator.Build.0 = Debug|Any CPU
		{BA87A581-D02F-4B61-894A-16A0FDB1F5BF}.Debug|iPhoneSimulator.Deploy.0 = Debug|Any CPU
		{BA87A581-D02F-4B61-894A-16A0FDB1F5BF}.Debug|x64.ActiveCfg = Debug|Any CPU
		{BA87A581-D02F-4B61-894A-16A0FDB1F5BF}.Debug|x64.Build.0 = Debug|Any CPU
		{BA87A581-D02F-4B61-894A-16A0FDB1F5BF}.Debug|x64.Deploy.0 = Debug|Any CPU
		{BA87A581-D02F-4B61-894A-16A0FDB1F5BF}.Debug|x86.ActiveCfg = Debug|Any CPU
		{BA87A581-D02F-4B61-894A-16A0FDB1F5BF}.Debug|x86.Build.0 = Debug|Any CPU
		{BA87A581-D02F-4B61-894A-16A0FDB1F5BF}.Debug|x86.Deploy.0 = Debug|Any CPU
		{BA87A581-D02F-4B61-894A-16A0FDB1F5BF}.Release|Any CPU.ActiveCfg = Release|Any CPU
		{BA87A581-D02F-4B61-894A-16A0FDB1F5BF}.Release|Any CPU.Build.0 = Release|Any CPU
		{BA87A581-D02F-4B61-894A-16A0FDB1F5BF}.Release|Any CPU.Deploy.0 = Release|Any CPU
		{BA87A581-D02F-4B61-894A-16A0FDB1F5BF}.Release|ARM.ActiveCfg = Release|Any CPU
		{BA87A581-D02F-4B61-894A-16A0FDB1F5BF}.Release|ARM.Build.0 = Release|Any CPU
		{BA87A581-D02F-4B61-894A-16A0FDB1F5BF}.Release|ARM.Deploy.0 = Release|Any CPU
		{BA87A581-D02F-4B61-894A-16A0FDB1F5BF}.Release|iPhone.ActiveCfg = Release|Any CPU
		{BA87A581-D02F-4B61-894A-16A0FDB1F5BF}.Release|iPhone.Build.0 = Release|Any CPU
		{BA87A581-D02F-4B61-894A-16A0FDB1F5BF}.Release|iPhone.Deploy.0 = Release|Any CPU
		{BA87A581-D02F-4B61-894A-16A0FDB1F5BF}.Release|iPhoneSimulator.ActiveCfg = Release|Any CPU
		{BA87A581-D02F-4B61-894A-16A0FDB1F5BF}.Release|iPhoneSimulator.Build.0 = Release|Any CPU
		{BA87A581-D02F-4B61-894A-16A0FDB1F5BF}.Release|iPhoneSimulator.Deploy.0 = Release|Any CPU
		{BA87A581-D02F-4B61-894A-16A0FDB1F5BF}.Release|x64.ActiveCfg = Release|Any CPU
		{BA87A581-D02F-4B61-894A-16A0FDB1F5BF}.Release|x64.Build.0 = Release|Any CPU
		{BA87A581-D02F-4B61-894A-16A0FDB1F5BF}.Release|x64.Deploy.0 = Release|Any CPU
		{BA87A581-D02F-4B61-894A-16A0FDB1F5BF}.Release|x86.ActiveCfg = Release|Any CPU
		{BA87A581-D02F-4B61-894A-16A0FDB1F5BF}.Release|x86.Build.0 = Release|Any CPU
		{BA87A581-D02F-4B61-894A-16A0FDB1F5BF}.Release|x86.Deploy.0 = Release|Any CPU
		{0F1C760F-1B80-4936-B57C-380ECAE866C5}.Debug|Any CPU.ActiveCfg = Debug|iPhoneSimulator
		{0F1C760F-1B80-4936-B57C-380ECAE866C5}.Debug|Any CPU.Build.0 = Debug|iPhoneSimulator
		{0F1C760F-1B80-4936-B57C-380ECAE866C5}.Debug|Any CPU.Deploy.0 = Debug|iPhoneSimulator
		{0F1C760F-1B80-4936-B57C-380ECAE866C5}.Debug|ARM.ActiveCfg = Debug|iPhone
		{0F1C760F-1B80-4936-B57C-380ECAE866C5}.Debug|ARM.Build.0 = Debug|iPhone
		{0F1C760F-1B80-4936-B57C-380ECAE866C5}.Debug|ARM.Deploy.0 = Debug|iPhone
		{0F1C760F-1B80-4936-B57C-380ECAE866C5}.Debug|iPhone.ActiveCfg = Debug|iPhone
		{0F1C760F-1B80-4936-B57C-380ECAE866C5}.Debug|iPhone.Build.0 = Debug|iPhone
		{0F1C760F-1B80-4936-B57C-380ECAE866C5}.Debug|iPhone.Deploy.0 = Debug|iPhone
		{0F1C760F-1B80-4936-B57C-380ECAE866C5}.Debug|iPhoneSimulator.ActiveCfg = Debug|iPhoneSimulator
		{0F1C760F-1B80-4936-B57C-380ECAE866C5}.Debug|iPhoneSimulator.Build.0 = Debug|iPhoneSimulator
		{0F1C760F-1B80-4936-B57C-380ECAE866C5}.Debug|iPhoneSimulator.Deploy.0 = Debug|iPhoneSimulator
		{0F1C760F-1B80-4936-B57C-380ECAE866C5}.Debug|x64.ActiveCfg = Debug|iPhone
		{0F1C760F-1B80-4936-B57C-380ECAE866C5}.Debug|x64.Build.0 = Debug|iPhone
		{0F1C760F-1B80-4936-B57C-380ECAE866C5}.Debug|x64.Deploy.0 = Debug|iPhone
		{0F1C760F-1B80-4936-B57C-380ECAE866C5}.Debug|x86.ActiveCfg = Debug|iPhone
		{0F1C760F-1B80-4936-B57C-380ECAE866C5}.Debug|x86.Build.0 = Debug|iPhone
		{0F1C760F-1B80-4936-B57C-380ECAE866C5}.Debug|x86.Deploy.0 = Debug|iPhone
		{0F1C760F-1B80-4936-B57C-380ECAE866C5}.Release|Any CPU.ActiveCfg = Release|iPhone
		{0F1C760F-1B80-4936-B57C-380ECAE866C5}.Release|Any CPU.Build.0 = Release|iPhone
		{0F1C760F-1B80-4936-B57C-380ECAE866C5}.Release|Any CPU.Deploy.0 = Release|iPhone
		{0F1C760F-1B80-4936-B57C-380ECAE866C5}.Release|ARM.ActiveCfg = Release|iPhone
		{0F1C760F-1B80-4936-B57C-380ECAE866C5}.Release|ARM.Build.0 = Release|iPhone
		{0F1C760F-1B80-4936-B57C-380ECAE866C5}.Release|ARM.Deploy.0 = Release|iPhone
		{0F1C760F-1B80-4936-B57C-380ECAE866C5}.Release|iPhone.ActiveCfg = Release|iPhone
		{0F1C760F-1B80-4936-B57C-380ECAE866C5}.Release|iPhone.Build.0 = Release|iPhone
		{0F1C760F-1B80-4936-B57C-380ECAE866C5}.Release|iPhone.Deploy.0 = Release|iPhone
		{0F1C760F-1B80-4936-B57C-380ECAE866C5}.Release|iPhoneSimulator.ActiveCfg = Release|iPhoneSimulator
		{0F1C760F-1B80-4936-B57C-380ECAE866C5}.Release|iPhoneSimulator.Build.0 = Release|iPhoneSimulator
		{0F1C760F-1B80-4936-B57C-380ECAE866C5}.Release|iPhoneSimulator.Deploy.0 = Release|iPhoneSimulator
		{0F1C760F-1B80-4936-B57C-380ECAE866C5}.Release|x64.ActiveCfg = Release|iPhone
		{0F1C760F-1B80-4936-B57C-380ECAE866C5}.Release|x64.Build.0 = Release|iPhone
		{0F1C760F-1B80-4936-B57C-380ECAE866C5}.Release|x64.Deploy.0 = Release|iPhone
		{0F1C760F-1B80-4936-B57C-380ECAE866C5}.Release|x86.ActiveCfg = Release|iPhone
		{0F1C760F-1B80-4936-B57C-380ECAE866C5}.Release|x86.Build.0 = Release|iPhone
		{0F1C760F-1B80-4936-B57C-380ECAE866C5}.Release|x86.Deploy.0 = Release|iPhone
		{458AA8F4-E7FA-46E8-AB9C-FCC2E7A239BD}.Debug|Any CPU.ActiveCfg = Debug|x86
		{458AA8F4-E7FA-46E8-AB9C-FCC2E7A239BD}.Debug|Any CPU.Build.0 = Debug|x86
		{458AA8F4-E7FA-46E8-AB9C-FCC2E7A239BD}.Debug|Any CPU.Deploy.0 = Debug|x86
		{458AA8F4-E7FA-46E8-AB9C-FCC2E7A239BD}.Debug|ARM.ActiveCfg = Debug|ARM
		{458AA8F4-E7FA-46E8-AB9C-FCC2E7A239BD}.Debug|ARM.Build.0 = Debug|ARM
		{458AA8F4-E7FA-46E8-AB9C-FCC2E7A239BD}.Debug|ARM.Deploy.0 = Debug|ARM
		{458AA8F4-E7FA-46E8-AB9C-FCC2E7A239BD}.Debug|iPhone.ActiveCfg = Debug|x86
		{458AA8F4-E7FA-46E8-AB9C-FCC2E7A239BD}.Debug|iPhone.Build.0 = Debug|x86
		{458AA8F4-E7FA-46E8-AB9C-FCC2E7A239BD}.Debug|iPhone.Deploy.0 = Debug|x86
		{458AA8F4-E7FA-46E8-AB9C-FCC2E7A239BD}.Debug|iPhoneSimulator.ActiveCfg = Debug|x86
		{458AA8F4-E7FA-46E8-AB9C-FCC2E7A239BD}.Debug|iPhoneSimulator.Build.0 = Debug|x86
		{458AA8F4-E7FA-46E8-AB9C-FCC2E7A239BD}.Debug|iPhoneSimulator.Deploy.0 = Debug|x86
		{458AA8F4-E7FA-46E8-AB9C-FCC2E7A239BD}.Debug|x64.ActiveCfg = Debug|x64
		{458AA8F4-E7FA-46E8-AB9C-FCC2E7A239BD}.Debug|x64.Build.0 = Debug|x64
		{458AA8F4-E7FA-46E8-AB9C-FCC2E7A239BD}.Debug|x64.Deploy.0 = Debug|x64
		{458AA8F4-E7FA-46E8-AB9C-FCC2E7A239BD}.Debug|x86.ActiveCfg = Debug|x86
		{458AA8F4-E7FA-46E8-AB9C-FCC2E7A239BD}.Debug|x86.Build.0 = Debug|x86
		{458AA8F4-E7FA-46E8-AB9C-FCC2E7A239BD}.Debug|x86.Deploy.0 = Debug|x86
		{458AA8F4-E7FA-46E8-AB9C-FCC2E7A239BD}.Release|Any CPU.ActiveCfg = Release|x86
		{458AA8F4-E7FA-46E8-AB9C-FCC2E7A239BD}.Release|Any CPU.Build.0 = Release|x86
		{458AA8F4-E7FA-46E8-AB9C-FCC2E7A239BD}.Release|Any CPU.Deploy.0 = Release|x86
		{458AA8F4-E7FA-46E8-AB9C-FCC2E7A239BD}.Release|ARM.ActiveCfg = Release|ARM
		{458AA8F4-E7FA-46E8-AB9C-FCC2E7A239BD}.Release|ARM.Build.0 = Release|ARM
		{458AA8F4-E7FA-46E8-AB9C-FCC2E7A239BD}.Release|ARM.Deploy.0 = Release|ARM
		{458AA8F4-E7FA-46E8-AB9C-FCC2E7A239BD}.Release|iPhone.ActiveCfg = Release|x86
		{458AA8F4-E7FA-46E8-AB9C-FCC2E7A239BD}.Release|iPhone.Build.0 = Release|x86
		{458AA8F4-E7FA-46E8-AB9C-FCC2E7A239BD}.Release|iPhone.Deploy.0 = Release|x86
		{458AA8F4-E7FA-46E8-AB9C-FCC2E7A239BD}.Release|iPhoneSimulator.ActiveCfg = Release|x86
		{458AA8F4-E7FA-46E8-AB9C-FCC2E7A239BD}.Release|iPhoneSimulator.Build.0 = Release|x86
		{458AA8F4-E7FA-46E8-AB9C-FCC2E7A239BD}.Release|iPhoneSimulator.Deploy.0 = Release|x86
		{458AA8F4-E7FA-46E8-AB9C-FCC2E7A239BD}.Release|x64.ActiveCfg = Release|x64
		{458AA8F4-E7FA-46E8-AB9C-FCC2E7A239BD}.Release|x64.Build.0 = Release|x64
		{458AA8F4-E7FA-46E8-AB9C-FCC2E7A239BD}.Release|x64.Deploy.0 = Release|x64
		{458AA8F4-E7FA-46E8-AB9C-FCC2E7A239BD}.Release|x86.ActiveCfg = Release|x86
		{458AA8F4-E7FA-46E8-AB9C-FCC2E7A239BD}.Release|x86.Build.0 = Release|x86
		{458AA8F4-E7FA-46E8-AB9C-FCC2E7A239BD}.Release|x86.Deploy.0 = Release|x86
		{BBEB7477-A01D-4056-A6C7-B04175A6DD46}.Debug|Any CPU.ActiveCfg = Debug|Any CPU
		{BBEB7477-A01D-4056-A6C7-B04175A6DD46}.Debug|Any CPU.Build.0 = Debug|Any CPU
		{BBEB7477-A01D-4056-A6C7-B04175A6DD46}.Debug|Any CPU.Deploy.0 = Debug|Any CPU
		{BBEB7477-A01D-4056-A6C7-B04175A6DD46}.Debug|ARM.ActiveCfg = Debug|Any CPU
		{BBEB7477-A01D-4056-A6C7-B04175A6DD46}.Debug|ARM.Build.0 = Debug|Any CPU
		{BBEB7477-A01D-4056-A6C7-B04175A6DD46}.Debug|ARM.Deploy.0 = Debug|Any CPU
		{BBEB7477-A01D-4056-A6C7-B04175A6DD46}.Debug|iPhone.ActiveCfg = Debug|Any CPU
		{BBEB7477-A01D-4056-A6C7-B04175A6DD46}.Debug|iPhone.Build.0 = Debug|Any CPU
		{BBEB7477-A01D-4056-A6C7-B04175A6DD46}.Debug|iPhone.Deploy.0 = Debug|Any CPU
		{BBEB7477-A01D-4056-A6C7-B04175A6DD46}.Debug|iPhoneSimulator.ActiveCfg = Debug|Any CPU
		{BBEB7477-A01D-4056-A6C7-B04175A6DD46}.Debug|iPhoneSimulator.Build.0 = Debug|Any CPU
		{BBEB7477-A01D-4056-A6C7-B04175A6DD46}.Debug|iPhoneSimulator.Deploy.0 = Debug|Any CPU
		{BBEB7477-A01D-4056-A6C7-B04175A6DD46}.Debug|x64.ActiveCfg = Debug|Any CPU
		{BBEB7477-A01D-4056-A6C7-B04175A6DD46}.Debug|x64.Build.0 = Debug|Any CPU
		{BBEB7477-A01D-4056-A6C7-B04175A6DD46}.Debug|x64.Deploy.0 = Debug|Any CPU
		{BBEB7477-A01D-4056-A6C7-B04175A6DD46}.Debug|x86.ActiveCfg = Debug|Any CPU
		{BBEB7477-A01D-4056-A6C7-B04175A6DD46}.Debug|x86.Build.0 = Debug|Any CPU
		{BBEB7477-A01D-4056-A6C7-B04175A6DD46}.Debug|x86.Deploy.0 = Debug|Any CPU
		{BBEB7477-A01D-4056-A6C7-B04175A6DD46}.Release|Any CPU.ActiveCfg = Release|Any CPU
		{BBEB7477-A01D-4056-A6C7-B04175A6DD46}.Release|Any CPU.Build.0 = Release|Any CPU
		{BBEB7477-A01D-4056-A6C7-B04175A6DD46}.Release|Any CPU.Deploy.0 = Release|Any CPU
		{BBEB7477-A01D-4056-A6C7-B04175A6DD46}.Release|ARM.ActiveCfg = Release|Any CPU
		{BBEB7477-A01D-4056-A6C7-B04175A6DD46}.Release|ARM.Build.0 = Release|Any CPU
		{BBEB7477-A01D-4056-A6C7-B04175A6DD46}.Release|ARM.Deploy.0 = Release|Any CPU
		{BBEB7477-A01D-4056-A6C7-B04175A6DD46}.Release|iPhone.ActiveCfg = Release|Any CPU
		{BBEB7477-A01D-4056-A6C7-B04175A6DD46}.Release|iPhone.Build.0 = Release|Any CPU
		{BBEB7477-A01D-4056-A6C7-B04175A6DD46}.Release|iPhone.Deploy.0 = Release|Any CPU
		{BBEB7477-A01D-4056-A6C7-B04175A6DD46}.Release|iPhoneSimulator.ActiveCfg = Release|Any CPU
		{BBEB7477-A01D-4056-A6C7-B04175A6DD46}.Release|iPhoneSimulator.Build.0 = Release|Any CPU
		{BBEB7477-A01D-4056-A6C7-B04175A6DD46}.Release|iPhoneSimulator.Deploy.0 = Release|Any CPU
		{BBEB7477-A01D-4056-A6C7-B04175A6DD46}.Release|x64.ActiveCfg = Release|Any CPU
		{BBEB7477-A01D-4056-A6C7-B04175A6DD46}.Release|x64.Build.0 = Release|Any CPU
		{BBEB7477-A01D-4056-A6C7-B04175A6DD46}.Release|x64.Deploy.0 = Release|Any CPU
		{BBEB7477-A01D-4056-A6C7-B04175A6DD46}.Release|x86.ActiveCfg = Release|Any CPU
		{BBEB7477-A01D-4056-A6C7-B04175A6DD46}.Release|x86.Build.0 = Release|Any CPU
		{BBEB7477-A01D-4056-A6C7-B04175A6DD46}.Release|x86.Deploy.0 = Release|Any CPU
		{3B369EA2-34F4-4778-9BE2-55E90336A04C}.Debug|Any CPU.ActiveCfg = Debug|Any CPU
		{3B369EA2-34F4-4778-9BE2-55E90336A04C}.Debug|Any CPU.Build.0 = Debug|Any CPU
		{3B369EA2-34F4-4778-9BE2-55E90336A04C}.Debug|Any CPU.Deploy.0 = Debug|Any CPU
		{3B369EA2-34F4-4778-9BE2-55E90336A04C}.Debug|ARM.ActiveCfg = Debug|Any CPU
		{3B369EA2-34F4-4778-9BE2-55E90336A04C}.Debug|ARM.Build.0 = Debug|Any CPU
		{3B369EA2-34F4-4778-9BE2-55E90336A04C}.Debug|ARM.Deploy.0 = Debug|Any CPU
		{3B369EA2-34F4-4778-9BE2-55E90336A04C}.Debug|iPhone.ActiveCfg = Debug|Any CPU
		{3B369EA2-34F4-4778-9BE2-55E90336A04C}.Debug|iPhone.Build.0 = Debug|Any CPU
		{3B369EA2-34F4-4778-9BE2-55E90336A04C}.Debug|iPhone.Deploy.0 = Debug|Any CPU
		{3B369EA2-34F4-4778-9BE2-55E90336A04C}.Debug|iPhoneSimulator.ActiveCfg = Debug|Any CPU
		{3B369EA2-34F4-4778-9BE2-55E90336A04C}.Debug|iPhoneSimulator.Build.0 = Debug|Any CPU
		{3B369EA2-34F4-4778-9BE2-55E90336A04C}.Debug|iPhoneSimulator.Deploy.0 = Debug|Any CPU
		{3B369EA2-34F4-4778-9BE2-55E90336A04C}.Debug|x64.ActiveCfg = Debug|Any CPU
		{3B369EA2-34F4-4778-9BE2-55E90336A04C}.Debug|x64.Build.0 = Debug|Any CPU
		{3B369EA2-34F4-4778-9BE2-55E90336A04C}.Debug|x64.Deploy.0 = Debug|Any CPU
		{3B369EA2-34F4-4778-9BE2-55E90336A04C}.Debug|x86.ActiveCfg = Debug|Any CPU
		{3B369EA2-34F4-4778-9BE2-55E90336A04C}.Debug|x86.Build.0 = Debug|Any CPU
		{3B369EA2-34F4-4778-9BE2-55E90336A04C}.Debug|x86.Deploy.0 = Debug|Any CPU
		{3B369EA2-34F4-4778-9BE2-55E90336A04C}.Release|Any CPU.ActiveCfg = Release|Any CPU
		{3B369EA2-34F4-4778-9BE2-55E90336A04C}.Release|Any CPU.Build.0 = Release|Any CPU
		{3B369EA2-34F4-4778-9BE2-55E90336A04C}.Release|Any CPU.Deploy.0 = Release|Any CPU
		{3B369EA2-34F4-4778-9BE2-55E90336A04C}.Release|ARM.ActiveCfg = Release|Any CPU
		{3B369EA2-34F4-4778-9BE2-55E90336A04C}.Release|ARM.Build.0 = Release|Any CPU
		{3B369EA2-34F4-4778-9BE2-55E90336A04C}.Release|ARM.Deploy.0 = Release|Any CPU
		{3B369EA2-34F4-4778-9BE2-55E90336A04C}.Release|iPhone.ActiveCfg = Release|Any CPU
		{3B369EA2-34F4-4778-9BE2-55E90336A04C}.Release|iPhone.Build.0 = Release|Any CPU
		{3B369EA2-34F4-4778-9BE2-55E90336A04C}.Release|iPhone.Deploy.0 = Release|Any CPU
		{3B369EA2-34F4-4778-9BE2-55E90336A04C}.Release|iPhoneSimulator.ActiveCfg = Release|Any CPU
		{3B369EA2-34F4-4778-9BE2-55E90336A04C}.Release|iPhoneSimulator.Build.0 = Release|Any CPU
		{3B369EA2-34F4-4778-9BE2-55E90336A04C}.Release|iPhoneSimulator.Deploy.0 = Release|Any CPU
		{3B369EA2-34F4-4778-9BE2-55E90336A04C}.Release|x64.ActiveCfg = Release|Any CPU
		{3B369EA2-34F4-4778-9BE2-55E90336A04C}.Release|x64.Build.0 = Release|Any CPU
		{3B369EA2-34F4-4778-9BE2-55E90336A04C}.Release|x64.Deploy.0 = Release|Any CPU
		{3B369EA2-34F4-4778-9BE2-55E90336A04C}.Release|x86.ActiveCfg = Release|Any CPU
		{3B369EA2-34F4-4778-9BE2-55E90336A04C}.Release|x86.Build.0 = Release|Any CPU
		{3B369EA2-34F4-4778-9BE2-55E90336A04C}.Release|x86.Deploy.0 = Release|Any CPU
	EndGlobalSection
	GlobalSection(SolutionProperties) = preSolution
		HideSolutionNode = FALSE
	EndGlobalSection
	GlobalSection(ExtensibilityGlobals) = postSolution
		SolutionGuid = {462C6BDF-9B91-40E7-AFE3-F6FD7F535731}
	EndGlobalSection
EndGlobal
